// !$*UTF8*$!
{
	archiveVersion = 1;
	classes = {
	};
	objectVersion = 55;
	objects = {

/* Begin PBXBuildFile section */
		2C02F66F27F3846F00B931F9 /* AppDelegate.swift in Sources */ = {isa = PBXBuildFile; fileRef = 2C02F66E27F3846F00B931F9 /* AppDelegate.swift */; };
		2C02F67127F3846F00B931F9 /* SceneDelegate.swift in Sources */ = {isa = PBXBuildFile; fileRef = 2C02F67027F3846F00B931F9 /* SceneDelegate.swift */; };
		2C02F67327F3846F00B931F9 /* ViewController.swift in Sources */ = {isa = PBXBuildFile; fileRef = 2C02F67227F3846F00B931F9 /* ViewController.swift */; };
		2C02F67627F3846F00B931F9 /* Main.storyboard in Resources */ = {isa = PBXBuildFile; fileRef = 2C02F67427F3846F00B931F9 /* Main.storyboard */; };
		2C02F67827F3847000B931F9 /* Assets.xcassets in Resources */ = {isa = PBXBuildFile; fileRef = 2C02F67727F3847000B931F9 /* Assets.xcassets */; };
		2C02F67B27F3847000B931F9 /* LaunchScreen.storyboard in Resources */ = {isa = PBXBuildFile; fileRef = 2C02F67927F3847000B931F9 /* LaunchScreen.storyboard */; };
		2C6C74ED27F60056008B94C3 /* animationData.swift in Sources */ = {isa = PBXBuildFile; fileRef = 2C6C74EC27F60056008B94C3 /* animationData.swift */; };
		7C682376099FE8D538FE2ADC /* Pods_SpringAnimations_2_9.framework in Frameworks */ = {isa = PBXBuildFile; fileRef = 797F8CFD9D03EB610AD3A6E3 /* Pods_SpringAnimations_2_9.framework */; };
/* End PBXBuildFile section */

/* Begin PBXFileReference section */
		2C02F66B27F3846F00B931F9 /* SpringAnimations 2-9.app */ = {isa = PBXFileReference; explicitFileType = wrapper.application; includeInIndex = 0; path = "SpringAnimations 2-9.app"; sourceTree = BUILT_PRODUCTS_DIR; };
		2C02F66E27F3846F00B931F9 /* AppDelegate.swift */ = {isa = PBXFileReference; lastKnownFileType = sourcecode.swift; path = AppDelegate.swift; sourceTree = "<group>"; };
		2C02F67027F3846F00B931F9 /* SceneDelegate.swift */ = {isa = PBXFileReference; lastKnownFileType = sourcecode.swift; path = SceneDelegate.swift; sourceTree = "<group>"; };
		2C02F67227F3846F00B931F9 /* ViewController.swift */ = {isa = PBXFileReference; lastKnownFileType = sourcecode.swift; path = ViewController.swift; sourceTree = "<group>"; };
		2C02F67527F3846F00B931F9 /* Base */ = {isa = PBXFileReference; lastKnownFileType = file.storyboard; name = Base; path = Base.lproj/Main.storyboard; sourceTree = "<group>"; };
		2C02F67727F3847000B931F9 /* Assets.xcassets */ = {isa = PBXFileReference; lastKnownFileType = folder.assetcatalog; path = Assets.xcassets; sourceTree = "<group>"; };
		2C02F67A27F3847000B931F9 /* Base */ = {isa = PBXFileReference; lastKnownFileType = file.storyboard; name = Base; path = Base.lproj/LaunchScreen.storyboard; sourceTree = "<group>"; };
		2C02F67C27F3847000B931F9 /* Info.plist */ = {isa = PBXFileReference; lastKnownFileType = text.plist.xml; path = Info.plist; sourceTree = "<group>"; };
		2C6C74EC27F60056008B94C3 /* animationData.swift */ = {isa = PBXFileReference; lastKnownFileType = sourcecode.swift; path = animationData.swift; sourceTree = "<group>"; };
		797F8CFD9D03EB610AD3A6E3 /* Pods_SpringAnimations_2_9.framework */ = {isa = PBXFileReference; explicitFileType = wrapper.framework; includeInIndex = 0; path = Pods_SpringAnimations_2_9.framework; sourceTree = BUILT_PRODUCTS_DIR; };
		7A3F2BF4361745FA2013DBEC /* Pods-SpringAnimations 2-9.release.xcconfig */ = {isa = PBXFileReference; includeInIndex = 1; lastKnownFileType = text.xcconfig; name = "Pods-SpringAnimations 2-9.release.xcconfig"; path = "Target Support Files/Pods-SpringAnimations 2-9/Pods-SpringAnimations 2-9.release.xcconfig"; sourceTree = "<group>"; };
		CE33107580E5E928DC803F5D /* Pods-SpringAnimations 2-9.debug.xcconfig */ = {isa = PBXFileReference; includeInIndex = 1; lastKnownFileType = text.xcconfig; name = "Pods-SpringAnimations 2-9.debug.xcconfig"; path = "Target Support Files/Pods-SpringAnimations 2-9/Pods-SpringAnimations 2-9.debug.xcconfig"; sourceTree = "<group>"; };
/* End PBXFileReference section */

/* Begin PBXFrameworksBuildPhase section */
		2C02F66827F3846F00B931F9 /* Frameworks */ = {
			isa = PBXFrameworksBuildPhase;
			buildActionMask = 2147483647;
			files = (
				7C682376099FE8D538FE2ADC /* Pods_SpringAnimations_2_9.framework in Frameworks */,
			);
			runOnlyForDeploymentPostprocessing = 0;
		};
/* End PBXFrameworksBuildPhase section */

/* Begin PBXGroup section */
		2C02F66227F3846F00B931F9 = {
			isa = PBXGroup;
			children = (
				2C02F66D27F3846F00B931F9 /* SpringAnimations 2-9 */,
				2C02F66C27F3846F00B931F9 /* Products */,
				A13E69456ACFB2C31EB21893 /* Pods */,
				965779499E46C2DC3B9A241F /* Frameworks */,
			);
			sourceTree = "<group>";
		};
		2C02F66C27F3846F00B931F9 /* Products */ = {
			isa = PBXGroup;
			children = (
				2C02F66B27F3846F00B931F9 /* SpringAnimations 2-9.app */,
			);
			name = Products;
			sourceTree = "<group>";
		};
		2C02F66D27F3846F00B931F9 /* SpringAnimations 2-9 */ = {
			isa = PBXGroup;
			children = (
				2C02F66E27F3846F00B931F9 /* AppDelegate.swift */,
				2C02F67027F3846F00B931F9 /* SceneDelegate.swift */,
				2C02F67227F3846F00B931F9 /* ViewController.swift */,
				2C02F67427F3846F00B931F9 /* Main.storyboard */,
				2C6C74EC27F60056008B94C3 /* animationData.swift */,
				2C02F67727F3847000B931F9 /* Assets.xcassets */,
				2C02F67927F3847000B931F9 /* LaunchScreen.storyboard */,
				2C02F67C27F3847000B931F9 /* Info.plist */,
			);
			path = "SpringAnimations 2-9";
			sourceTree = "<group>";
		};
		965779499E46C2DC3B9A241F /* Frameworks */ = {
			isa = PBXGroup;
			children = (
				797F8CFD9D03EB610AD3A6E3 /* Pods_SpringAnimations_2_9.framework */,
			);
			name = Frameworks;
			sourceTree = "<group>";
		};
		A13E69456ACFB2C31EB21893 /* Pods */ = {
			isa = PBXGroup;
			children = (
				CE33107580E5E928DC803F5D /* Pods-SpringAnimations 2-9.debug.xcconfig */,
				7A3F2BF4361745FA2013DBEC /* Pods-SpringAnimations 2-9.release.xcconfig */,
			);
			path = Pods;
			sourceTree = "<group>";
		};
/* End PBXGroup section */

/* Begin PBXNativeTarget section */
		2C02F66A27F3846F00B931F9 /* SpringAnimations 2-9 */ = {
			isa = PBXNativeTarget;
			buildConfigurationList = 2C02F67F27F3847000B931F9 /* Build configuration list for PBXNativeTarget "SpringAnimations 2-9" */;
			buildPhases = (
				7BFA8583FC492283A2E8EE03 /* [CP] Check Pods Manifest.lock */,
				2C02F66727F3846F00B931F9 /* Sources */,
				2C02F66827F3846F00B931F9 /* Frameworks */,
				2C02F66927F3846F00B931F9 /* Resources */,
				C8808F45F2C3C017834D0918 /* [CP] Embed Pods Frameworks */,
			);
			buildRules = (
			);
			dependencies = (
			);
			name = "SpringAnimations 2-9";
			productName = "SpringAnimations 2-9";
			productReference = 2C02F66B27F3846F00B931F9 /* SpringAnimations 2-9.app */;
			productType = "com.apple.product-type.application";
		};
/* End PBXNativeTarget section */

/* Begin PBXProject section */
		2C02F66327F3846F00B931F9 /* Project object */ = {
			isa = PBXProject;
			attributes = {
				BuildIndependentTargetsInParallel = 1;
				LastSwiftUpdateCheck = 1330;
				LastUpgradeCheck = 1330;
				TargetAttributes = {
					2C02F66A27F3846F00B931F9 = {
						CreatedOnToolsVersion = 13.3;
					};
				};
			};
			buildConfigurationList = 2C02F66627F3846F00B931F9 /* Build configuration list for PBXProject "SpringAnimations 2-9" */;
			compatibilityVersion = "Xcode 13.0";
			developmentRegion = en;
			hasScannedForEncodings = 0;
			knownRegions = (
				en,
				Base,
			);
			mainGroup = 2C02F66227F3846F00B931F9;
			productRefGroup = 2C02F66C27F3846F00B931F9 /* Products */;
			projectDirPath = "";
			projectRoot = "";
			targets = (
				2C02F66A27F3846F00B931F9 /* SpringAnimations 2-9 */,
			);
		};
/* End PBXProject section */

/* Begin PBXResourcesBuildPhase section */
		2C02F66927F3846F00B931F9 /* Resources */ = {
			isa = PBXResourcesBuildPhase;
			buildActionMask = 2147483647;
			files = (
				2C02F67B27F3847000B931F9 /* LaunchScreen.storyboard in Resources */,
				2C02F67827F3847000B931F9 /* Assets.xcassets in Resources */,
				2C02F67627F3846F00B931F9 /* Main.storyboard in Resources */,
			);
			runOnlyForDeploymentPostprocessing = 0;
		};
/* End PBXResourcesBuildPhase section */

/* Begin PBXShellScriptBuildPhase section */
		7BFA8583FC492283A2E8EE03 /* [CP] Check Pods Manifest.lock */ = {
			isa = PBXShellScriptBuildPhase;
			buildActionMask = 2147483647;
			files = (
			);
			inputFileListPaths = (
			);
			inputPaths = (
				"${PODS_PODFILE_DIR_PATH}/Podfile.lock",
				"${PODS_ROOT}/Manifest.lock",
			);
			name = "[CP] Check Pods Manifest.lock";
			outputFileListPaths = (
			);
			outputPaths = (
				"$(DERIVED_FILE_DIR)/Pods-SpringAnimations 2-9-checkManifestLockResult.txt",
			);
			runOnlyForDeploymentPostprocessing = 0;
			shellPath = /bin/sh;
			shellScript = "diff \"${PODS_PODFILE_DIR_PATH}/Podfile.lock\" \"${PODS_ROOT}/Manifest.lock\" > /dev/null\nif [ $? != 0 ] ; then\n    # print error to STDERR\n    echo \"error: The sandbox is not in sync with the Podfile.lock. Run 'pod install' or update your CocoaPods installation.\" >&2\n    exit 1\nfi\n# This output is used by Xcode 'outputs' to avoid re-running this script phase.\necho \"SUCCESS\" > \"${SCRIPT_OUTPUT_FILE_0}\"\n";
			showEnvVarsInLog = 0;
		};
		C8808F45F2C3C017834D0918 /* [CP] Embed Pods Frameworks */ = {
			isa = PBXShellScriptBuildPhase;
			buildActionMask = 2147483647;
			files = (
			);
			inputFileListPaths = (
				"${PODS_ROOT}/Target Support Files/Pods-SpringAnimations 2-9/Pods-SpringAnimations 2-9-frameworks-${CONFIGURATION}-input-files.xcfilelist",
			);
			name = "[CP] Embed Pods Frameworks";
			outputFileListPaths = (
				"${PODS_ROOT}/Target Support Files/Pods-SpringAnimations 2-9/Pods-SpringAnimations 2-9-frameworks-${CONFIGURATION}-output-files.xcfilelist",
			);
			runOnlyForDeploymentPostprocessing = 0;
			shellPath = /bin/sh;
			shellScript = "\"${PODS_ROOT}/Target Support Files/Pods-SpringAnimations 2-9/Pods-SpringAnimations 2-9-frameworks.sh\"\n";
			showEnvVarsInLog = 0;
		};
/* End PBXShellScriptBuildPhase section */

/* Begin PBXSourcesBuildPhase section */
		2C02F66727F3846F00B931F9 /* Sources */ = {
			isa = PBXSourcesBuildPhase;
			buildActionMask = 2147483647;
			files = (
				2C6C74ED27F60056008B94C3 /* animationData.swift in Sources */,
				2C02F67327F3846F00B931F9 /* ViewController.swift in Sources */,
				2C02F66F27F3846F00B931F9 /* AppDelegate.swift in Sources */,
				2C02F67127F3846F00B931F9 /* SceneDelegate.swift in Sources */,
			);
			runOnlyForDeploymentPostprocessing = 0;
		};
/* End PBXSourcesBuildPhase section */

/* Begin PBXVariantGroup section */
		2C02F67427F3846F00B931F9 /* Main.storyboard */ = {
			isa = PBXVariantGroup;
			children = (
				2C02F67527F3846F00B931F9 /* Base */,
			);
			name = Main.storyboard;
			sourceTree = "<group>";
		};
		2C02F67927F3847000B931F9 /* LaunchScreen.storyboard */ = {
			isa = PBXVariantGroup;
			children = (
				2C02F67A27F3847000B931F9 /* Base */,
			);
			name = LaunchScreen.storyboard;
			sourceTree = "<group>";
		};
/* End PBXVariantGroup section */

/* Begin XCBuildConfiguration section */
		2C02F67D27F3847000B931F9 /* Debug */ = {
			isa = XCBuildConfiguration;
			buildSettings = {
				ALWAYS_SEARCH_USER_PATHS = NO;
				CLANG_ANALYZER_NONNULL = YES;
				CLANG_ANALYZER_NUMBER_OBJECT_CONVERSION = YES_AGGRESSIVE;
				CLANG_CXX_LANGUAGE_STANDARD = "gnu++17";
				CLANG_ENABLE_MODULES = YES;
				CLANG_ENABLE_OBJC_ARC = YES;
				CLANG_ENABLE_OBJC_WEAK = YES;
				CLANG_WARN_BLOCK_CAPTURE_AUTORELEASING = YES;
				CLANG_WARN_BOOL_CONVERSION = YES;
				CLANG_WARN_COMMA = YES;
				CLANG_WARN_CONSTANT_CONVERSION = YES;
				CLANG_WARN_DEPRECATED_OBJC_IMPLEMENTATIONS = YES;
				CLANG_WARN_DIRECT_OBJC_ISA_USAGE = YES_ERROR;
				CLANG_WARN_DOCUMENTATION_COMMENTS = YES;
				CLANG_WARN_EMPTY_BODY = YES;
				CLANG_WARN_ENUM_CONVERSION = YES;
				CLANG_WARN_INFINITE_RECURSION = YES;
				CLANG_WARN_INT_CONVERSION = YES;
				CLANG_WARN_NON_LITERAL_NULL_CONVERSION = YES;
				CLANG_WARN_OBJC_IMPLICIT_RETAIN_SELF = YES;
				CLANG_WARN_OBJC_LITERAL_CONVERSION = YES;
				CLANG_WARN_OBJC_ROOT_CLASS = YES_ERROR;
				CLANG_WARN_QUOTED_INCLUDE_IN_FRAMEWORK_HEADER = YES;
				CLANG_WARN_RANGE_LOOP_ANALYSIS = YES;
				CLANG_WARN_STRICT_PROTOTYPES = YES;
				CLANG_WARN_SUSPICIOUS_MOVE = YES;
				CLANG_WARN_UNGUARDED_AVAILABILITY = YES_AGGRESSIVE;
				CLANG_WARN_UNREACHABLE_CODE = YES;
				CLANG_WARN__DUPLICATE_METHOD_MATCH = YES;
				COPY_PHASE_STRIP = NO;
				DEBUG_INFORMATION_FORMAT = dwarf;
				ENABLE_STRICT_OBJC_MSGSEND = YES;
				ENABLE_TESTABILITY = YES;
				GCC_C_LANGUAGE_STANDARD = gnu11;
				GCC_DYNAMIC_NO_PIC = NO;
				GCC_NO_COMMON_BLOCKS = YES;
				GCC_OPTIMIZATION_LEVEL = 0;
				GCC_PREPROCESSOR_DEFINITIONS = (
					"DEBUG=1",
					"$(inherited)",
				);
				GCC_WARN_64_TO_32_BIT_CONVERSION = YES;
				GCC_WARN_ABOUT_RETURN_TYPE = YES_ERROR;
				GCC_WARN_UNDECLARED_SELECTOR = YES;
				GCC_WARN_UNINITIALIZED_AUTOS = YES_AGGRESSIVE;
				GCC_WARN_UNUSED_FUNCTION = YES;
				GCC_WARN_UNUSED_VARIABLE = YES;
				IPHONEOS_DEPLOYMENT_TARGET = 15.4;
				MTL_ENABLE_DEBUG_INFO = INCLUDE_SOURCE;
				MTL_FAST_MATH = YES;
				ONLY_ACTIVE_ARCH = YES;
				SDKROOT = iphoneos;
				SWIFT_ACTIVE_COMPILATION_CONDITIONS = DEBUG;
				SWIFT_OPTIMIZATION_LEVEL = "-Onone";
			};
			name = Debug;
		};
		2C02F67E27F3847000B931F9 /* Release */ = {
			isa = XCBuildConfiguration;
			buildSettings = {
				ALWAYS_SEARCH_USER_PATHS = NO;
				CLANG_ANALYZER_NONNULL = YES;
				CLANG_ANALYZER_NUMBER_OBJECT_CONVERSION = YES_AGGRESSIVE;
				CLANG_CXX_LANGUAGE_STANDARD = "gnu++17";
				CLANG_ENABLE_MODULES = YES;
				CLANG_ENABLE_OBJC_ARC = YES;
				CLANG_ENABLE_OBJC_WEAK = YES;
				CLANG_WARN_BLOCK_CAPTURE_AUTORELEASING = YES;
				CLANG_WARN_BOOL_CONVERSION = YES;
				CLANG_WARN_COMMA = YES;
				CLANG_WARN_CONSTANT_CONVERSION = YES;
				CLANG_WARN_DEPRECATED_OBJC_IMPLEMENTATIONS = YES;
				CLANG_WARN_DIRECT_OBJC_ISA_USAGE = YES_ERROR;
				CLANG_WARN_DOCUMENTATION_COMMENTS = YES;
				CLANG_WARN_EMPTY_BODY = YES;
				CLANG_WARN_ENUM_CONVERSION = YES;
				CLANG_WARN_INFINITE_RECURSION = YES;
				CLANG_WARN_INT_CONVERSION = YES;
				CLANG_WARN_NON_LITERAL_NULL_CONVERSION = YES;
				CLANG_WARN_OBJC_IMPLICIT_RETAIN_SELF = YES;
				CLANG_WARN_OBJC_LITERAL_CONVERSION = YES;
				CLANG_WARN_OBJC_ROOT_CLASS = YES_ERROR;
				CLANG_WARN_QUOTED_INCLUDE_IN_FRAMEWORK_HEADER = YES;
				CLANG_WARN_RANGE_LOOP_ANALYSIS = YES;
				CLANG_WARN_STRICT_PROTOTYPES = YES;
				CLANG_WARN_SUSPICIOUS_MOVE = YES;
				CLANG_WARN_UNGUARDED_AVAILABILITY = YES_AGGRESSIVE;
				CLANG_WARN_UNREACHABLE_CODE = YES;
				CLANG_WARN__DUPLICATE_METHOD_MATCH = YES;
				COPY_PHASE_STRIP = NO;
				DEBUG_INFORMATION_FORMAT = "dwarf-with-dsym";
				ENABLE_NS_ASSERTIONS = NO;
				ENABLE_STRICT_OBJC_MSGSEND = YES;
				GCC_C_LANGUAGE_STANDARD = gnu11;
				GCC_NO_COMMON_BLOCKS = YES;
				GCC_WARN_64_TO_32_BIT_CONVERSION = YES;
				GCC_WARN_ABOUT_RETURN_TYPE = YES_ERROR;
				GCC_WARN_UNDECLARED_SELECTOR = YES;
				GCC_WARN_UNINITIALIZED_AUTOS = YES_AGGRESSIVE;
				GCC_WARN_UNUSED_FUNCTION = YES;
				GCC_WARN_UNUSED_VARIABLE = YES;
				IPHONEOS_DEPLOYMENT_TARGET = 15.4;
				MTL_ENABLE_DEBUG_INFO = NO;
				MTL_FAST_MATH = YES;
				SDKROOT = iphoneos;
				SWIFT_COMPILATION_MODE = wholemodule;
				SWIFT_OPTIMIZATION_LEVEL = "-O";
				VALIDATE_PRODUCT = YES;
			};
			name = Release;
		};
		2C02F68027F3847000B931F9 /* Debug */ = {
			isa = XCBuildConfiguration;
			baseConfigurationReference = CE33107580E5E928DC803F5D /* Pods-SpringAnimations 2-9.debug.xcconfig */;
			buildSettings = {
				ASSETCATALOG_COMPILER_APPICON_NAME = AppIcon;
				ASSETCATALOG_COMPILER_GLOBAL_ACCENT_COLOR_NAME = AccentColor;
				CODE_SIGN_STYLE = Automatic;
				CURRENT_PROJECT_VERSION = 1;
				DEVELOPMENT_TEAM = 6V74N9HQR3;
				GENERATE_INFOPLIST_FILE = YES;
				INFOPLIST_FILE = "SpringAnimations 2-9/Info.plist";
				INFOPLIST_KEY_UIApplicationSupportsIndirectInputEvents = YES;
				INFOPLIST_KEY_UILaunchStoryboardName = LaunchScreen;
				INFOPLIST_KEY_UIMainStoryboardFile = Main;
				INFOPLIST_KEY_UISupportedInterfaceOrientations_iPad = "UIInterfaceOrientationPortrait UIInterfaceOrientationPortraitUpsideDown UIInterfaceOrientationLandscapeLeft UIInterfaceOrientationLandscapeRight";
				INFOPLIST_KEY_UISupportedInterfaceOrientations_iPhone = "UIInterfaceOrientationPortrait UIInterfaceOrientationLandscapeLeft UIInterfaceOrientationLandscapeRight";
				LD_RUNPATH_SEARCH_PATHS = (
					"$(inherited)",
					"@executable_path/Frameworks",
				);
				MARKETING_VERSION = 1.0;
				PRODUCT_BUNDLE_IDENTIFIER = "kuznetsov-g.SpringAnimations-2-9";
				PRODUCT_NAME = "$(TARGET_NAME)";
				SWIFT_EMIT_LOC_STRINGS = YES;
				SWIFT_VERSION = 5.0;
				TARGETED_DEVICE_FAMILY = "1,2";
			};
			name = Debug;
		};
		2C02F68127F3847000B931F9 /* Release */ = {
			isa = XCBuildConfiguration;
			baseConfigurationReference = 7A3F2BF4361745FA2013DBEC /* Pods-SpringAnimations 2-9.release.xcconfig */;
			buildSettings = {
				ASSETCATALOG_COMPILER_APPICON_NAME = AppIcon;
				ASSETCATALOG_COMPILER_GLOBAL_ACCENT_COLOR_NAME = AccentColor;
				CODE_SIGN_STYLE = Automatic;
				CURRENT_PROJECT_VERSION = 1;
				DEVELOPMENT_TEAM = 6V74N9HQR3;
				GENERATE_INFOPLIST_FILE = YES;
				INFOPLIST_FILE = "SpringAnimations 2-9/Info.plist";
				INFOPLIST_KEY_UIApplicationSupportsIndirectInputEvents = YES;
				INFOPLIST_KEY_UILaunchStoryboardName = LaunchScreen;
				INFOPLIST_KEY_UIMainStoryboardFile = Main;
				INFOPLIST_KEY_UISupportedInterfaceOrientations_iPad = "UIInterfaceOrientationPortrait UIInterfaceOrientationPortraitUpsideDown UIInterfaceOrientationLandscapeLeft UIInterfaceOrientationLandscapeRight";
				INFOPLIST_KEY_UISupportedInterfaceOrientations_iPhone = "UIInterfaceOrientationPortrait UIInterfaceOrientationLandscapeLeft UIInterfaceOrientationLandscapeRight";
				LD_RUNPATH_SEARCH_PATHS = (
					"$(inherited)",
					"@executable_path/Frameworks",
				);
				MARKETING_VERSION = 1.0;
				PRODUCT_BUNDLE_IDENTIFIER = "kuznetsov-g.SpringAnimations-2-9";
				PRODUCT_NAME = "$(TARGET_NAME)";
				SWIFT_EMIT_LOC_STRINGS = YES;
				SWIFT_VERSION = 5.0;
				TARGETED_DEVICE_FAMILY = "1,2";
			};
			name = Release;
		};
/* End XCBuildConfiguration section */

/* Begin XCConfigurationList section */
		2C02F66627F3846F00B931F9 /* Build configuration list for PBXProject "SpringAnimations 2-9" */ = {
			isa = XCConfigurationList;
			buildConfigurations = (
				2C02F67D27F3847000B931F9 /* Debug */,
				2C02F67E27F3847000B931F9 /* Release */,
			);
			defaultConfigurationIsVisible = 0;
			defaultConfigurationName = Release;
		};
		2C02F67F27F3847000B931F9 /* Build configuration list for PBXNativeTarget "SpringAnimations 2-9" */ = {
			isa = XCConfigurationList;
			buildConfigurations = (
				2C02F68027F3847000B931F9 /* Debug */,
				2C02F68127F3847000B931F9 /* Release */,
			);
			defaultConfigurationIsVisible = 0;
			defaultConfigurationName = Release;
		};
/* End XCConfigurationList section */
	};
	rootObject = 2C02F66327F3846F00B931F9 /* Project object */;
}
